
Microsoft Visual Studio Solution File, Format Version 12.00
# Visual Studio Version 17
VisualStudioVersion = 17.7.34202.233
MinimumVisualStudioVersion = 10.0.40219.1
Project("{2150E333-8FDC-42A3-9474-1A3956D46DE8}") = "src", "src", "{BADA8649-D777-4FBF-B72D-E763AE824907}"
EndProject
Project("{2150E333-8FDC-42A3-9474-1A3956D46DE8}") = "platforms", "platforms", "{DECB5904-DBF9-48D5-B6C8-88C4685CFE98}"
EndProject
Project("{9A19103F-16F7-4668-BE54-9A1E7A4F7556}") = "FlapoCC", "FlapoCC\FlapoCC.csproj", "{4EFEEA71-E53D-410D-B276-83C912754E14}"
EndProject
Project("{FAE04EC0-301F-11D3-BF4B-00C04F79EFBC}") = "FlapoCC.Android", "FlapoCC.Android\FlapoCC.Android.csproj", "{3549A4DA-233D-481E-B230-DEE7DADD3D17}"
EndProject
Project("{FAE04EC0-301F-11D3-BF4B-00C04F79EFBC}") = "FlapoCC.iOS", "FlapoCC.iOS\FlapoCC.iOS.csproj", "{E64405AF-93B0-47B5-8A9F-D9F66A583907}"
EndProject
Project("{FAE04EC0-301F-11D3-BF4B-00C04F79EFBC}") = "FlapoCC.UWP", "FlapoCC.UWP\FlapoCC.UWP.csproj", "{09779423-7B90-4ABE-98ED-2AC4F71A2AFD}"
EndProject
Project("{FAE04EC0-301F-11D3-BF4B-00C04F79EFBC}") = "FlapoCC.Core", "FlapoCC.Core\FlapoCC.Core.csproj", "{A9148205-8C0C-4D94-A3CB-4007C53157EE}"
EndProject
Project("{FAE04EC0-301F-11D3-BF4B-00C04F79EFBC}") = "FlapoCC.Core.Data", "FlapoCC.Core.Data\FlapoCC.Core.Data.csproj", "{46BAF393-E2FB-492E-8AF9-916027A6A3A8}"
EndProject
Global
	GlobalSection(SolutionConfigurationPlatforms) = preSolution
		Debug|Any CPU = Debug|Any CPU
		Debug|ARM = Debug|ARM
		Debug|iPhone = Debug|iPhone
		Debug|iPhoneSimulator = Debug|iPhoneSimulator
		Debug|x64 = Debug|x64
		Debug|x86 = Debug|x86
		Release|Any CPU = Release|Any CPU
		Release|ARM = Release|ARM
		Release|iPhone = Release|iPhone
		Release|iPhoneSimulator = Release|iPhoneSimulator
		Release|x64 = Release|x64
		Release|x86 = Release|x86
	EndGlobalSection
	GlobalSection(ProjectConfigurationPlatforms) = postSolution
		{4EFEEA71-E53D-410D-B276-83C912754E14}.Debug|Any CPU.ActiveCfg = Debug|Any CPU
		{4EFEEA71-E53D-410D-B276-83C912754E14}.Debug|Any CPU.Build.0 = Debug|Any CPU
		{4EFEEA71-E53D-410D-B276-83C912754E14}.Debug|ARM.ActiveCfg = Debug|Any CPU
		{4EFEEA71-E53D-410D-B276-83C912754E14}.Debug|ARM.Build.0 = Debug|Any CPU
		{4EFEEA71-E53D-410D-B276-83C912754E14}.Debug|iPhone.ActiveCfg = Debug|Any CPU
		{4EFEEA71-E53D-410D-B276-83C912754E14}.Debug|iPhone.Build.0 = Debug|Any CPU
		{4EFEEA71-E53D-410D-B276-83C912754E14}.Debug|iPhoneSimulator.ActiveCfg = Debug|Any CPU
		{4EFEEA71-E53D-410D-B276-83C912754E14}.Debug|iPhoneSimulator.Build.0 = Debug|Any CPU
		{4EFEEA71-E53D-410D-B276-83C912754E14}.Debug|x64.ActiveCfg = Debug|Any CPU
		{4EFEEA71-E53D-410D-B276-83C912754E14}.Debug|x64.Build.0 = Debug|Any CPU
		{4EFEEA71-E53D-410D-B276-83C912754E14}.Debug|x86.ActiveCfg = Debug|Any CPU
		{4EFEEA71-E53D-410D-B276-83C912754E14}.Debug|x86.Build.0 = Debug|Any CPU
		{4EFEEA71-E53D-410D-B276-83C912754E14}.Release|Any CPU.ActiveCfg = Release|Any CPU
		{4EFEEA71-E53D-410D-B276-83C912754E14}.Release|Any CPU.Build.0 = Release|Any CPU
		{4EFEEA71-E53D-410D-B276-83C912754E14}.Release|ARM.ActiveCfg = Release|Any CPU
		{4EFEEA71-E53D-410D-B276-83C912754E14}.Release|ARM.Build.0 = Release|Any CPU
		{4EFEEA71-E53D-410D-B276-83C912754E14}.Release|iPhone.ActiveCfg = Release|Any CPU
		{4EFEEA71-E53D-410D-B276-83C912754E14}.Release|iPhone.Build.0 = Release|Any CPU
		{4EFEEA71-E53D-410D-B276-83C912754E14}.Release|iPhoneSimulator.ActiveCfg = Release|Any CPU
		{4EFEEA71-E53D-410D-B276-83C912754E14}.Release|iPhoneSimulator.Build.0 = Release|Any CPU
		{4EFEEA71-E53D-410D-B276-83C912754E14}.Release|x64.ActiveCfg = Release|Any CPU
		{4EFEEA71-E53D-410D-B276-83C912754E14}.Release|x64.Build.0 = Release|Any CPU
		{4EFEEA71-E53D-410D-B276-83C912754E14}.Release|x86.ActiveCfg = Release|Any CPU
		{4EFEEA71-E53D-410D-B276-83C912754E14}.Release|x86.Build.0 = Release|Any CPU
		{3549A4DA-233D-481E-B230-DEE7DADD3D17}.Debug|Any CPU.ActiveCfg = Debug|Any CPU
		{3549A4DA-233D-481E-B230-DEE7DADD3D17}.Debug|Any CPU.Build.0 = Debug|Any CPU
		{3549A4DA-233D-481E-B230-DEE7DADD3D17}.Debug|Any CPU.Deploy.0 = Debug|Any CPU
		{3549A4DA-233D-481E-B230-DEE7DADD3D17}.Debug|ARM.ActiveCfg = Debug|Any CPU
		{3549A4DA-233D-481E-B230-DEE7DADD3D17}.Debug|ARM.Build.0 = Debug|Any CPU
		{3549A4DA-233D-481E-B230-DEE7DADD3D17}.Debug|ARM.Deploy.0 = Debug|Any CPU
		{3549A4DA-233D-481E-B230-DEE7DADD3D17}.Debug|iPhone.ActiveCfg = Debug|Any CPU
		{3549A4DA-233D-481E-B230-DEE7DADD3D17}.Debug|iPhone.Build.0 = Debug|Any CPU
		{3549A4DA-233D-481E-B230-DEE7DADD3D17}.Debug|iPhone.Deploy.0 = Debug|Any CPU
		{3549A4DA-233D-481E-B230-DEE7DADD3D17}.Debug|iPhoneSimulator.ActiveCfg = Debug|Any CPU
		{3549A4DA-233D-481E-B230-DEE7DADD3D17}.Debug|iPhoneSimulator.Build.0 = Debug|Any CPU
		{3549A4DA-233D-481E-B230-DEE7DADD3D17}.Debug|iPhoneSimulator.Deploy.0 = Debug|Any CPU
		{3549A4DA-233D-481E-B230-DEE7DADD3D17}.Debug|x64.ActiveCfg = Debug|Any CPU
		{3549A4DA-233D-481E-B230-DEE7DADD3D17}.Debug|x64.Build.0 = Debug|Any CPU
		{3549A4DA-233D-481E-B230-DEE7DADD3D17}.Debug|x64.Deploy.0 = Debug|Any CPU
		{3549A4DA-233D-481E-B230-DEE7DADD3D17}.Debug|x86.ActiveCfg = Debug|Any CPU
		{3549A4DA-233D-481E-B230-DEE7DADD3D17}.Debug|x86.Build.0 = Debug|Any CPU
		{3549A4DA-233D-481E-B230-DEE7DADD3D17}.Debug|x86.Deploy.0 = Debug|Any CPU
		{3549A4DA-233D-481E-B230-DEE7DADD3D17}.Release|Any CPU.ActiveCfg = Release|Any CPU
		{3549A4DA-233D-481E-B230-DEE7DADD3D17}.Release|Any CPU.Build.0 = Release|Any CPU
		{3549A4DA-233D-481E-B230-DEE7DADD3D17}.Release|Any CPU.Deploy.0 = Release|Any CPU
		{3549A4DA-233D-481E-B230-DEE7DADD3D17}.Release|ARM.ActiveCfg = Release|Any CPU
		{3549A4DA-233D-481E-B230-DEE7DADD3D17}.Release|ARM.Build.0 = Release|Any CPU
		{3549A4DA-233D-481E-B230-DEE7DADD3D17}.Release|ARM.Deploy.0 = Release|Any CPU
		{3549A4DA-233D-481E-B230-DEE7DADD3D17}.Release|iPhone.ActiveCfg = Release|Any CPU
		{3549A4DA-233D-481E-B230-DEE7DADD3D17}.Release|iPhone.Build.0 = Release|Any CPU
		{3549A4DA-233D-481E-B230-DEE7DADD3D17}.Release|iPhone.Deploy.0 = Release|Any CPU
		{3549A4DA-233D-481E-B230-DEE7DADD3D17}.Release|iPhoneSimulator.ActiveCfg = Release|Any CPU
		{3549A4DA-233D-481E-B230-DEE7DADD3D17}.Release|iPhoneSimulator.Build.0 = Release|Any CPU
		{3549A4DA-233D-481E-B230-DEE7DADD3D17}.Release|iPhoneSimulator.Deploy.0 = Release|Any CPU
		{3549A4DA-233D-481E-B230-DEE7DADD3D17}.Release|x64.ActiveCfg = Release|Any CPU
		{3549A4DA-233D-481E-B230-DEE7DADD3D17}.Release|x64.Build.0 = Release|Any CPU
		{3549A4DA-233D-481E-B230-DEE7DADD3D17}.Release|x64.Deploy.0 = Release|Any CPU
		{3549A4DA-233D-481E-B230-DEE7DADD3D17}.Release|x86.ActiveCfg = Release|Any CPU
		{3549A4DA-233D-481E-B230-DEE7DADD3D17}.Release|x86.Build.0 = Release|Any CPU
		{3549A4DA-233D-481E-B230-DEE7DADD3D17}.Release|x86.Deploy.0 = Release|Any CPU
		{E64405AF-93B0-47B5-8A9F-D9F66A583907}.Debug|Any CPU.ActiveCfg = Debug|iPhoneSimulator
		{E64405AF-93B0-47B5-8A9F-D9F66A583907}.Debug|Any CPU.Build.0 = Debug|iPhoneSimulator
		{E64405AF-93B0-47B5-8A9F-D9F66A583907}.Debug|ARM.ActiveCfg = Debug|iPhoneSimulator
		{E64405AF-93B0-47B5-8A9F-D9F66A583907}.Debug|ARM.Build.0 = Debug|iPhoneSimulator
		{E64405AF-93B0-47B5-8A9F-D9F66A583907}.Debug|iPhone.ActiveCfg = Debug|iPhone
		{E64405AF-93B0-47B5-8A9F-D9F66A583907}.Debug|iPhone.Build.0 = Debug|iPhone
		{E64405AF-93B0-47B5-8A9F-D9F66A583907}.Debug|iPhoneSimulator.ActiveCfg = Debug|iPhoneSimulator
		{E64405AF-93B0-47B5-8A9F-D9F66A583907}.Debug|iPhoneSimulator.Build.0 = Debug|iPhoneSimulator
		{E64405AF-93B0-47B5-8A9F-D9F66A583907}.Debug|x64.ActiveCfg = Debug|iPhoneSimulator
		{E64405AF-93B0-47B5-8A9F-D9F66A583907}.Debug|x64.Build.0 = Debug|iPhoneSimulator
		{E64405AF-93B0-47B5-8A9F-D9F66A583907}.Debug|x86.ActiveCfg = Debug|iPhoneSimulator
		{E64405AF-93B0-47B5-8A9F-D9F66A583907}.Debug|x86.Build.0 = Debug|iPhoneSimulator
		{E64405AF-93B0-47B5-8A9F-D9F66A583907}.Release|Any CPU.ActiveCfg = Release|iPhoneSimulator
		{E64405AF-93B0-47B5-8A9F-D9F66A583907}.Release|Any CPU.Build.0 = Release|iPhoneSimulator
		{E64405AF-93B0-47B5-8A9F-D9F66A583907}.Release|ARM.ActiveCfg = Release|iPhoneSimulator
		{E64405AF-93B0-47B5-8A9F-D9F66A583907}.Release|ARM.Build.0 = Release|iPhoneSimulator
		{E64405AF-93B0-47B5-8A9F-D9F66A583907}.Release|iPhone.ActiveCfg = Release|iPhone
		{E64405AF-93B0-47B5-8A9F-D9F66A583907}.Release|iPhone.Build.0 = Release|iPhone
		{E64405AF-93B0-47B5-8A9F-D9F66A583907}.Release|iPhoneSimulator.ActiveCfg = Release|iPhoneSimulator
		{E64405AF-93B0-47B5-8A9F-D9F66A583907}.Release|iPhoneSimulator.Build.0 = Release|iPhoneSimulator
		{E64405AF-93B0-47B5-8A9F-D9F66A583907}.Release|x64.ActiveCfg = Release|iPhoneSimulator
		{E64405AF-93B0-47B5-8A9F-D9F66A583907}.Release|x64.Build.0 = Release|iPhoneSimulator
		{E64405AF-93B0-47B5-8A9F-D9F66A583907}.Release|x86.ActiveCfg = Release|iPhoneSimulator
		{E64405AF-93B0-47B5-8A9F-D9F66A583907}.Release|x86.Build.0 = Release|iPhoneSimulator
		{09779423-7B90-4ABE-98ED-2AC4F71A2AFD}.Debug|Any CPU.ActiveCfg = Debug|x64
		{09779423-7B90-4ABE-98ED-2AC4F71A2AFD}.Debug|Any CPU.Build.0 = Debug|x64
		{09779423-7B90-4ABE-98ED-2AC4F71A2AFD}.Debug|Any CPU.Deploy.0 = Debug|x64
		{09779423-7B90-4ABE-98ED-2AC4F71A2AFD}.Debug|ARM.ActiveCfg = Debug|ARM
		{09779423-7B90-4ABE-98ED-2AC4F71A2AFD}.Debug|ARM.Build.0 = Debug|ARM
		{09779423-7B90-4ABE-98ED-2AC4F71A2AFD}.Debug|ARM.Deploy.0 = Debug|ARM
		{09779423-7B90-4ABE-98ED-2AC4F71A2AFD}.Debug|iPhone.ActiveCfg = Debug|x64
		{09779423-7B90-4ABE-98ED-2AC4F71A2AFD}.Debug|iPhone.Build.0 = Debug|x64
		{09779423-7B90-4ABE-98ED-2AC4F71A2AFD}.Debug|iPhone.Deploy.0 = Debug|x64
		{09779423-7B90-4ABE-98ED-2AC4F71A2AFD}.Debug|iPhoneSimulator.ActiveCfg = Debug|x64
		{09779423-7B90-4ABE-98ED-2AC4F71A2AFD}.Debug|iPhoneSimulator.Build.0 = Debug|x64
		{09779423-7B90-4ABE-98ED-2AC4F71A2AFD}.Debug|iPhoneSimulator.Deploy.0 = Debug|x64
		{09779423-7B90-4ABE-98ED-2AC4F71A2AFD}.Debug|x64.ActiveCfg = Debug|x64
		{09779423-7B90-4ABE-98ED-2AC4F71A2AFD}.Debug|x64.Build.0 = Debug|x64
		{09779423-7B90-4ABE-98ED-2AC4F71A2AFD}.Debug|x64.Deploy.0 = Debug|x64
		{09779423-7B90-4ABE-98ED-2AC4F71A2AFD}.Debug|x86.ActiveCfg = Debug|x86
		{09779423-7B90-4ABE-98ED-2AC4F71A2AFD}.Debug|x86.Build.0 = Debug|x86
		{09779423-7B90-4ABE-98ED-2AC4F71A2AFD}.Debug|x86.Deploy.0 = Debug|x86
		{09779423-7B90-4ABE-98ED-2AC4F71A2AFD}.Release|Any CPU.ActiveCfg = Release|x64
		{09779423-7B90-4ABE-98ED-2AC4F71A2AFD}.Release|Any CPU.Build.0 = Release|x64
		{09779423-7B90-4ABE-98ED-2AC4F71A2AFD}.Release|Any CPU.Deploy.0 = Release|x64
		{09779423-7B90-4ABE-98ED-2AC4F71A2AFD}.Release|ARM.ActiveCfg = Release|ARM
		{09779423-7B90-4ABE-98ED-2AC4F71A2AFD}.Release|ARM.Build.0 = Release|ARM
		{09779423-7B90-4ABE-98ED-2AC4F71A2AFD}.Release|ARM.Deploy.0 = Release|ARM
		{09779423-7B90-4ABE-98ED-2AC4F71A2AFD}.Release|iPhone.ActiveCfg = Release|x64
		{09779423-7B90-4ABE-98ED-2AC4F71A2AFD}.Release|iPhone.Build.0 = Release|x64
		{09779423-7B90-4ABE-98ED-2AC4F71A2AFD}.Release|iPhone.Deploy.0 = Release|x64
		{09779423-7B90-4ABE-98ED-2AC4F71A2AFD}.Release|iPhoneSimulator.ActiveCfg = Release|x64
		{09779423-7B90-4ABE-98ED-2AC4F71A2AFD}.Release|iPhoneSimulator.Build.0 = Release|x64
		{09779423-7B90-4ABE-98ED-2AC4F71A2AFD}.Release|iPhoneSimulator.Deploy.0 = Release|x64
		{09779423-7B90-4ABE-98ED-2AC4F71A2AFD}.Release|x64.ActiveCfg = Release|x64
		{09779423-7B90-4ABE-98ED-2AC4F71A2AFD}.Release|x64.Build.0 = Release|x64
		{09779423-7B90-4ABE-98ED-2AC4F71A2AFD}.Release|x64.Deploy.0 = Release|x64
		{09779423-7B90-4ABE-98ED-2AC4F71A2AFD}.Release|x86.ActiveCfg = Release|x86
		{09779423-7B90-4ABE-98ED-2AC4F71A2AFD}.Release|x86.Build.0 = Release|x86
		{09779423-7B90-4ABE-98ED-2AC4F71A2AFD}.Release|x86.Deploy.0 = Release|x86
		{A9148205-8C0C-4D94-A3CB-4007C53157EE}.Debug|Any CPU.ActiveCfg = Debug|Any CPU
		{A9148205-8C0C-4D94-A3CB-4007C53157EE}.Debug|Any CPU.Build.0 = Debug|Any CPU
		{A9148205-8C0C-4D94-A3CB-4007C53157EE}.Debug|ARM.ActiveCfg = Debug|Any CPU
		{A9148205-8C0C-4D94-A3CB-4007C53157EE}.Debug|ARM.Build.0 = Debug|Any CPU
		{A9148205-8C0C-4D94-A3CB-4007C53157EE}.Debug|iPhone.ActiveCfg = Debug|Any CPU
		{A9148205-8C0C-4D94-A3CB-4007C53157EE}.Debug|iPhone.Build.0 = Debug|Any CPU
		{A9148205-8C0C-4D94-A3CB-4007C53157EE}.Debug|iPhoneSimulator.ActiveCfg = Debug|Any CPU
		{A9148205-8C0C-4D94-A3CB-4007C53157EE}.Debug|iPhoneSimulator.Build.0 = Debug|Any CPU
		{A9148205-8C0C-4D94-A3CB-4007C53157EE}.Debug|x64.ActiveCfg = Debug|Any CPU
		{A9148205-8C0C-4D94-A3CB-4007C53157EE}.Debug|x64.Build.0 = Debug|Any CPU
		{A9148205-8C0C-4D94-A3CB-4007C53157EE}.Debug|x86.ActiveCfg = Debug|Any CPU
		{A9148205-8C0C-4D94-A3CB-4007C53157EE}.Debug|x86.Build.0 = Debug|Any CPU
		{A9148205-8C0C-4D94-A3CB-4007C53157EE}.Release|Any CPU.ActiveCfg = Release|Any CPU
		{A9148205-8C0C-4D94-A3CB-4007C53157EE}.Release|Any CPU.Build.0 = Release|Any CPU
		{A9148205-8C0C-4D94-A3CB-4007C53157EE}.Release|ARM.ActiveCfg = Release|Any CPU
		{A9148205-8C0C-4D94-A3CB-4007C53157EE}.Release|ARM.Build.0 = Release|Any CPU
		{A9148205-8C0C-4D94-A3CB-4007C53157EE}.Release|iPhone.ActiveCfg = Release|Any CPU
		{A9148205-8C0C-4D94-A3CB-4007C53157EE}.Release|iPhone.Build.0 = Release|Any CPU
		{A9148205-8C0C-4D94-A3CB-4007C53157EE}.Release|iPhoneSimulator.ActiveCfg = Release|Any CPU
		{A9148205-8C0C-4D94-A3CB-4007C53157EE}.Release|iPhoneSimulator.Build.0 = Release|Any CPU
		{A9148205-8C0C-4D94-A3CB-4007C53157EE}.Release|x64.ActiveCfg = Release|Any CPU
		{A9148205-8C0C-4D94-A3CB-4007C53157EE}.Release|x64.Build.0 = Release|Any CPU
		{A9148205-8C0C-4D94-A3CB-4007C53157EE}.Release|x86.ActiveCfg = Release|Any CPU
		{A9148205-8C0C-4D94-A3CB-4007C53157EE}.Release|x86.Build.0 = Release|Any CPU
		{46BAF393-E2FB-492E-8AF9-916027A6A3A8}.Debug|Any CPU.ActiveCfg = Debug|Any CPU
		{46BAF393-E2FB-492E-8AF9-916027A6A3A8}.Debug|Any CPU.Build.0 = Debug|Any CPU
		{46BAF393-E2FB-492E-8AF9-916027A6A3A8}.Debug|ARM.ActiveCfg = Debug|Any CPU
		{46BAF393-E2FB-492E-8AF9-916027A6A3A8}.Debug|ARM.Build.0 = Debug|Any CPU
		{46BAF393-E2FB-492E-8AF9-916027A6A3A8}.Debug|iPhone.ActiveCfg = Debug|Any CPU
		{46BAF393-E2FB-492E-8AF9-916027A6A3A8}.Debug|iPhone.Build.0 = Debug|Any CPU
		{46BAF393-E2FB-492E-8AF9-916027A6A3A8}.Debug|iPhoneSimulator.ActiveCfg = Debug|Any CPU
		{46BAF393-E2FB-492E-8AF9-916027A6A3A8}.Debug|iPhoneSimulator.Build.0 = Debug|Any CPU
		{46BAF393-E2FB-492E-8AF9-916027A6A3A8}.Debug|x64.ActiveCfg = Debug|Any CPU
		{46BAF393-E2FB-492E-8AF9-916027A6A3A8}.Debug|x64.Build.0 = Debug|Any CPU
		{46BAF393-E2FB-492E-8AF9-916027A6A3A8}.Debug|x86.ActiveCfg = Debug|Any CPU
		{46BAF393-E2FB-492E-8AF9-916027A6A3A8}.Debug|x86.Build.0 = Debug|Any CPU
		{46BAF393-E2FB-492E-8AF9-916027A6A3A8}.Release|Any CPU.ActiveCfg = Release|Any CPU
		{46BAF393-E2FB-492E-8AF9-916027A6A3A8}.Release|Any CPU.Build.0 = Release|Any CPU
		{46BAF393-E2FB-492E-8AF9-916027A6A3A8}.Release|ARM.ActiveCfg = Release|Any CPU
		{46BAF393-E2FB-492E-8AF9-916027A6A3A8}.Release|ARM.Build.0 = Release|Any CPU
		{46BAF393-E2FB-492E-8AF9-916027A6A3A8}.Release|iPhone.ActiveCfg = Release|Any CPU
		{46BAF393-E2FB-492E-8AF9-916027A6A3A8}.Release|iPhone.Build.0 = Release|Any CPU
		{46BAF393-E2FB-492E-8AF9-916027A6A3A8}.Release|iPhoneSimulator.ActiveCfg = Release|Any CPU
		{46BAF393-E2FB-492E-8AF9-916027A6A3A8}.Release|iPhoneSimulator.Build.0 = Release|Any CPU
		{46BAF393-E2FB-492E-8AF9-916027A6A3A8}.Release|x64.ActiveCfg = Release|Any CPU
		{46BAF393-E2FB-492E-8AF9-916027A6A3A8}.Release|x64.Build.0 = Release|Any CPU
		{46BAF393-E2FB-492E-8AF9-916027A6A3A8}.Release|x86.ActiveCfg = Release|Any CPU
		{46BAF393-E2FB-492E-8AF9-916027A6A3A8}.Release|x86.Build.0 = Release|Any CPU
	EndGlobalSection
	GlobalSection(SolutionProperties) = preSolution
		HideSolutionNode = FALSE
	EndGlobalSection
	GlobalSection(NestedProjects) = preSolution
		{DECB5904-DBF9-48D5-B6C8-88C4685CFE98} = {BADA8649-D777-4FBF-B72D-E763AE824907}
		{4EFEEA71-E53D-410D-B276-83C912754E14} = {BADA8649-D777-4FBF-B72D-E763AE824907}
		{3549A4DA-233D-481E-B230-DEE7DADD3D17} = {DECB5904-DBF9-48D5-B6C8-88C4685CFE98}
		{E64405AF-93B0-47B5-8A9F-D9F66A583907} = {DECB5904-DBF9-48D5-B6C8-88C4685CFE98}
		{09779423-7B90-4ABE-98ED-2AC4F71A2AFD} = {DECB5904-DBF9-48D5-B6C8-88C4685CFE98}
		{A9148205-8C0C-4D94-A3CB-4007C53157EE} = {BADA8649-D777-4FBF-B72D-E763AE824907}
		{46BAF393-E2FB-492E-8AF9-916027A6A3A8} = {BADA8649-D777-4FBF-B72D-E763AE824907}
	EndGlobalSection
	GlobalSection(ExtensibilityGlobals) = postSolution
		SolutionGuid = {76CE70D6-135D-4786-B6D9-B88DCE60CB2F}
	EndGlobalSection
EndGlobal
